
Microsoft Visual Studio Solution File, Format Version 12.00
Project("{2150E333-8FDC-42A3-9474-1A3956D46DE8}") = "lab-2", "lab-2", "{99CC771B-7934-411F-B6AE-C9686D9EA107}"
EndProject
Project("{2150E333-8FDC-42A3-9474-1A3956D46DE8}") = "lab-3", "lab-3", "{83304655-BE2A-4296-92DA-3A74C8B84180}"
EndProject
Project("{FAE04EC0-301F-11D3-BF4B-00C04F79EFBC}") = "task-1", "lab-3\task-1\task-1.csproj", "{5D60668E-B8A0-4B47-B3C3-04C273E7D778}"
EndProject
Project("{FAE04EC0-301F-11D3-BF4B-00C04F79EFBC}") = "task-1", "lab-2\task-1\task-1.csproj", "{06B3FB8A-4C45-4C10-AD0D-D11EB9516ED3}"
EndProject
Project("{2150E333-8FDC-42A3-9474-1A3956D46DE8}") = "lab-4", "lab-4", "{B515B622-B629-4F49-B2C9-2B89C2B42660}"
EndProject
Project("{FAE04EC0-301F-11D3-BF4B-00C04F79EFBC}") = "task-2", "lab-3\task-2\task-2.csproj", "{4F15C6FE-D7B9-44D2-9BA7-0DA177BE810D}"
EndProject
Project("{FAE04EC0-301F-11D3-BF4B-00C04F79EFBC}") = "task-3", "lab-3\task-3\task-3.csproj", "{3EFEC7FD-1253-40B6-A47F-9F944CBDF5A3}"
EndProject
Project("{FAE04EC0-301F-11D3-BF4B-00C04F79EFBC}") = "task-1", "lab-4\task-1\task-1.csproj", "{225F1750-9F63-4EBD-B8BF-9FD7438D6526}"
EndProject
Project("{FAE04EC0-301F-11D3-BF4B-00C04F79EFBC}") = "task-2", "lab-4\task-2\task-2.csproj", "{4B14C2D8-093B-4456-915A-E9BBACFC4CB1}"
EndProject
Project("{FAE04EC0-301F-11D3-BF4B-00C04F79EFBC}") = "task-3", "lab-4\task-3\task-3.csproj", "{23B8C6A8-B393-4C12-9479-6F025E9FF5F7}"
EndProject
Global
	GlobalSection(SolutionConfigurationPlatforms) = preSolution
		Debug|Any CPU = Debug|Any CPU
		Release|Any CPU = Release|Any CPU
	EndGlobalSection
	GlobalSection(ProjectConfigurationPlatforms) = postSolution
		{5D60668E-B8A0-4B47-B3C3-04C273E7D778}.Debug|Any CPU.ActiveCfg = Debug|Any CPU
		{5D60668E-B8A0-4B47-B3C3-04C273E7D778}.Debug|Any CPU.Build.0 = Debug|Any CPU
		{5D60668E-B8A0-4B47-B3C3-04C273E7D778}.Release|Any CPU.ActiveCfg = Release|Any CPU
		{5D60668E-B8A0-4B47-B3C3-04C273E7D778}.Release|Any CPU.Build.0 = Release|Any CPU
		{06B3FB8A-4C45-4C10-AD0D-D11EB9516ED3}.Debug|Any CPU.ActiveCfg = Debug|Any CPU
		{06B3FB8A-4C45-4C10-AD0D-D11EB9516ED3}.Debug|Any CPU.Build.0 = Debug|Any CPU
		{06B3FB8A-4C45-4C10-AD0D-D11EB9516ED3}.Release|Any CPU.ActiveCfg = Release|Any CPU
		{06B3FB8A-4C45-4C10-AD0D-D11EB9516ED3}.Release|Any CPU.Build.0 = Release|Any CPU
		{4F15C6FE-D7B9-44D2-9BA7-0DA177BE810D}.Debug|Any CPU.ActiveCfg = Debug|Any CPU
		{4F15C6FE-D7B9-44D2-9BA7-0DA177BE810D}.Debug|Any CPU.Build.0 = Debug|Any CPU
		{4F15C6FE-D7B9-44D2-9BA7-0DA177BE810D}.Release|Any CPU.ActiveCfg = Release|Any CPU
		{4F15C6FE-D7B9-44D2-9BA7-0DA177BE810D}.Release|Any CPU.Build.0 = Release|Any CPU
		{3EFEC7FD-1253-40B6-A47F-9F944CBDF5A3}.Debug|Any CPU.ActiveCfg = Debug|Any CPU
		{3EFEC7FD-1253-40B6-A47F-9F944CBDF5A3}.Debug|Any CPU.Build.0 = Debug|Any CPU
		{3EFEC7FD-1253-40B6-A47F-9F944CBDF5A3}.Release|Any CPU.ActiveCfg = Release|Any CPU
		{3EFEC7FD-1253-40B6-A47F-9F944CBDF5A3}.Release|Any CPU.Build.0 = Release|Any CPU
		{225F1750-9F63-4EBD-B8BF-9FD7438D6526}.Debug|Any CPU.ActiveCfg = Debug|Any CPU
		{225F1750-9F63-4EBD-B8BF-9FD7438D6526}.Debug|Any CPU.Build.0 = Debug|Any CPU
		{225F1750-9F63-4EBD-B8BF-9FD7438D6526}.Release|Any CPU.ActiveCfg = Release|Any CPU
		{225F1750-9F63-4EBD-B8BF-9FD7438D6526}.Release|Any CPU.Build.0 = Release|Any CPU
		{4B14C2D8-093B-4456-915A-E9BBACFC4CB1}.Debug|Any CPU.ActiveCfg = Debug|Any CPU
		{4B14C2D8-093B-4456-915A-E9BBACFC4CB1}.Debug|Any CPU.Build.0 = Debug|Any CPU
		{4B14C2D8-093B-4456-915A-E9BBACFC4CB1}.Release|Any CPU.ActiveCfg = Release|Any CPU
		{4B14C2D8-093B-4456-915A-E9BBACFC4CB1}.Release|Any CPU.Build.0 = Release|Any CPU
		{23B8C6A8-B393-4C12-9479-6F025E9FF5F7}.Debug|Any CPU.ActiveCfg = Debug|Any CPU
		{23B8C6A8-B393-4C12-9479-6F025E9FF5F7}.Debug|Any CPU.Build.0 = Debug|Any CPU
		{23B8C6A8-B393-4C12-9479-6F025E9FF5F7}.Release|Any CPU.ActiveCfg = Release|Any CPU
		{23B8C6A8-B393-4C12-9479-6F025E9FF5F7}.Release|Any CPU.Build.0 = Release|Any CPU
	EndGlobalSection
	GlobalSection(NestedProjects) = preSolution
		{5D60668E-B8A0-4B47-B3C3-04C273E7D778} = {83304655-BE2A-4296-92DA-3A74C8B84180}
		{06B3FB8A-4C45-4C10-AD0D-D11EB9516ED3} = {99CC771B-7934-411F-B6AE-C9686D9EA107}
		{4F15C6FE-D7B9-44D2-9BA7-0DA177BE810D} = {83304655-BE2A-4296-92DA-3A74C8B84180}
		{3EFEC7FD-1253-40B6-A47F-9F944CBDF5A3} = {83304655-BE2A-4296-92DA-3A74C8B84180}
		{225F1750-9F63-4EBD-B8BF-9FD7438D6526} = {B515B622-B629-4F49-B2C9-2B89C2B42660}
		{4B14C2D8-093B-4456-915A-E9BBACFC4CB1} = {B515B622-B629-4F49-B2C9-2B89C2B42660}
		{23B8C6A8-B393-4C12-9479-6F025E9FF5F7} = {B515B622-B629-4F49-B2C9-2B89C2B42660}
	EndGlobalSection
EndGlobal
